
Microsoft Visual Studio Solution File, Format Version 12.00
# Visual Studio Version 17
VisualStudioVersion = 17.9.34607.119
MinimumVisualStudioVersion = 10.0.40219.1
Project("{FAE04EC0-301F-11D3-BF4B-00C04F79EFBC}") = "TMart_App_API", "TMart_App_API\TMart_App_API.csproj", "{674EB849-26B7-4B3A-A232-636CFA43A679}"
EndProject
Global
	GlobalSection(SolutionConfigurationPlatforms) = preSolution
		Debug|Any CPU = Debug|Any CPU
		Release|Any CPU = Release|Any CPU
	EndGlobalSection
	GlobalSection(ProjectConfigurationPlatforms) = postSolution
		{674EB849-26B7-4B3A-A232-636CFA43A679}.Debug|Any CPU.ActiveCfg = Debug|Any CPU
		{674EB849-26B7-4B3A-A232-636CFA43A679}.Debug|Any CPU.Build.0 = Debug|Any CPU
		{674EB849-26B7-4B3A-A232-636CFA43A679}.Release|Any CPU.ActiveCfg = Release|Any CPU
		{674EB849-26B7-4B3A-A232-636CFA43A679}.Release|Any CPU.Build.0 = Release|Any CPU
	EndGlobalSection
	GlobalSection(SolutionProperties) = preSolution
		HideSolutionNode = FALSE
	EndGlobalSection
	GlobalSection(ExtensibilityGlobals) = postSolution
		SolutionGuid = {A340A9D5-77B6-45BD-842C-5DA407258986}
	EndGlobalSection
EndGlobal
